
Microsoft Visual Studio Solution File, Format Version 12.00
# Visual Studio Version 17
VisualStudioVersion = 17.5.33414.496
MinimumVisualStudioVersion = 10.0.40219.1
Project("{FAE04EC0-301F-11D3-BF4B-00C04F79EFBC}") = "Http", "Http\Http.csproj", "{FEE9A427-6747-4DB1-9F84-A1467DF9D5CE}"
EndProject
Global
	GlobalSection(SolutionConfigurationPlatforms) = preSolution
		Debug|Any CPU = Debug|Any CPU
		Release|Any CPU = Release|Any CPU
	EndGlobalSection
	GlobalSection(ProjectConfigurationPlatforms) = postSolution
		{FEE9A427-6747-4DB1-9F84-A1467DF9D5CE}.Debug|Any CPU.ActiveCfg = Debug|Any CPU
		{FEE9A427-6747-4DB1-9F84-A1467DF9D5CE}.Debug|Any CPU.Build.0 = Debug|Any CPU
		{FEE9A427-6747-4DB1-9F84-A1467DF9D5CE}.Release|Any CPU.ActiveCfg = Release|Any CPU
		{FEE9A427-6747-4DB1-9F84-A1467DF9D5CE}.Release|Any CPU.Build.0 = Release|Any CPU
	EndGlobalSection
	GlobalSection(SolutionProperties) = preSolution
		HideSolutionNode = FALSE
	EndGlobalSection
	GlobalSection(ExtensibilityGlobals) = postSolution
		SolutionGuid = {7F2B728D-08F6-46EE-ABD0-16AD4ECD5778}
	EndGlobalSection
EndGlobal
