
Microsoft Visual Studio Solution File, Format Version 12.00
# Visual Studio Version 17
VisualStudioVersion = 17.5.33414.496
MinimumVisualStudioVersion = 10.0.40219.1
Project("{9A19103F-16F7-4668-BE54-9A1E7A4F7556}") = "Eventmi", "Eventmi\Eventmi.csproj", "{241B26AD-31E9-44B7-B201-5E91F0F260F8}"
EndProject
Project("{FAE04EC0-301F-11D3-BF4B-00C04F79EFBC}") = "Eventmi.Core", "Eventmi.Core\Eventmi.Core.csproj", "{A4274359-65E9-4645-841E-2A4DE14D82E1}"
EndProject
Project("{FAE04EC0-301F-11D3-BF4B-00C04F79EFBC}") = "Eventmi.Infrastructer", "Eventmi.Infrastructer\Eventmi.Infrastructer.csproj", "{0EAFC5C5-CCDC-48FA-9DCF-E7F05A343D11}"
EndProject
Global
	GlobalSection(SolutionConfigurationPlatforms) = preSolution
		Debug|Any CPU = Debug|Any CPU
		Release|Any CPU = Release|Any CPU
	EndGlobalSection
	GlobalSection(ProjectConfigurationPlatforms) = postSolution
		{241B26AD-31E9-44B7-B201-5E91F0F260F8}.Debug|Any CPU.ActiveCfg = Debug|Any CPU
		{241B26AD-31E9-44B7-B201-5E91F0F260F8}.Debug|Any CPU.Build.0 = Debug|Any CPU
		{241B26AD-31E9-44B7-B201-5E91F0F260F8}.Release|Any CPU.ActiveCfg = Release|Any CPU
		{241B26AD-31E9-44B7-B201-5E91F0F260F8}.Release|Any CPU.Build.0 = Release|Any CPU
		{A4274359-65E9-4645-841E-2A4DE14D82E1}.Debug|Any CPU.ActiveCfg = Debug|Any CPU
		{A4274359-65E9-4645-841E-2A4DE14D82E1}.Debug|Any CPU.Build.0 = Debug|Any CPU
		{A4274359-65E9-4645-841E-2A4DE14D82E1}.Release|Any CPU.ActiveCfg = Release|Any CPU
		{A4274359-65E9-4645-841E-2A4DE14D82E1}.Release|Any CPU.Build.0 = Release|Any CPU
		{0EAFC5C5-CCDC-48FA-9DCF-E7F05A343D11}.Debug|Any CPU.ActiveCfg = Debug|Any CPU
		{0EAFC5C5-CCDC-48FA-9DCF-E7F05A343D11}.Debug|Any CPU.Build.0 = Debug|Any CPU
		{0EAFC5C5-CCDC-48FA-9DCF-E7F05A343D11}.Release|Any CPU.ActiveCfg = Release|Any CPU
		{0EAFC5C5-CCDC-48FA-9DCF-E7F05A343D11}.Release|Any CPU.Build.0 = Release|Any CPU
	EndGlobalSection
	GlobalSection(SolutionProperties) = preSolution
		HideSolutionNode = FALSE
	EndGlobalSection
	GlobalSection(ExtensibilityGlobals) = postSolution
		SolutionGuid = {CF89938C-ACF5-4FF6-862F-255FFD182CDB}
	EndGlobalSection
EndGlobal
